
Microsoft Visual Studio Solution File, Format Version 12.00
# Visual Studio 15
VisualStudioVersion = 15.0.28307.168
MinimumVisualStudioVersion = 10.0.40219.1
Project("{FAE04EC0-301F-11D3-BF4B-00C04F79EFBC}") = "calculator", "calculator\calculator.csproj", "{DA26F618-41ED-4910-A543-16B57A96A959}"
EndProject
Global
	GlobalSection(SolutionConfigurationPlatforms) = preSolution
		Debug|Any CPU = Debug|Any CPU
		Release|Any CPU = Release|Any CPU
	EndGlobalSection
	GlobalSection(ProjectConfigurationPlatforms) = postSolution
		{DA26F618-41ED-4910-A543-16B57A96A959}.Debug|Any CPU.ActiveCfg = Debug|Any CPU
		{DA26F618-41ED-4910-A543-16B57A96A959}.Debug|Any CPU.Build.0 = Debug|Any CPU
		{DA26F618-41ED-4910-A543-16B57A96A959}.Release|Any CPU.ActiveCfg = Release|Any CPU
		{DA26F618-41ED-4910-A543-16B57A96A959}.Release|Any CPU.Build.0 = Release|Any CPU
	EndGlobalSection
	GlobalSection(SolutionProperties) = preSolution
		HideSolutionNode = FALSE
	EndGlobalSection
	GlobalSection(ExtensibilityGlobals) = postSolution
		SolutionGuid = {0D0AE972-FDEA-4811-B340-0005AABFA92C}
	EndGlobalSection
EndGlobal
